
Microsoft Visual Studio Solution File, Format Version 12.00
# Visual Studio Version 16
VisualStudioVersion = 16.0.35731.53
MinimumVisualStudioVersion = 10.0.40219.1
Project("{FAE04EC0-301F-11D3-BF4B-00C04F79EFBC}") = "DpiUtil", "DpiUtil\DpiUtil.csproj", "{8857C7A5-4CFE-4742-AC5E-4F820D29BBC3}"
EndProject
Project("{FAE04EC0-301F-11D3-BF4B-00C04F79EFBC}") = "Test1", "Test1\Test1.csproj", "{7EDBBC45-C8F3-4AE2-9E79-2C3C88F590AB}"
EndProject
Global
	GlobalSection(SolutionConfigurationPlatforms) = preSolution
		Debug|Any CPU = Debug|Any CPU
		Release|Any CPU = Release|Any CPU
	EndGlobalSection
	GlobalSection(ProjectConfigurationPlatforms) = postSolution
		{8857C7A5-4CFE-4742-AC5E-4F820D29BBC3}.Debug|Any CPU.ActiveCfg = Debug|Any CPU
		{8857C7A5-4CFE-4742-AC5E-4F820D29BBC3}.Debug|Any CPU.Build.0 = Debug|Any CPU
		{8857C7A5-4CFE-4742-AC5E-4F820D29BBC3}.Release|Any CPU.ActiveCfg = Release|Any CPU
		{8857C7A5-4CFE-4742-AC5E-4F820D29BBC3}.Release|Any CPU.Build.0 = Release|Any CPU
		{7EDBBC45-C8F3-4AE2-9E79-2C3C88F590AB}.Debug|Any CPU.ActiveCfg = Debug|Any CPU
		{7EDBBC45-C8F3-4AE2-9E79-2C3C88F590AB}.Debug|Any CPU.Build.0 = Debug|Any CPU
		{7EDBBC45-C8F3-4AE2-9E79-2C3C88F590AB}.Release|Any CPU.ActiveCfg = Release|Any CPU
		{7EDBBC45-C8F3-4AE2-9E79-2C3C88F590AB}.Release|Any CPU.Build.0 = Release|Any CPU
	EndGlobalSection
	GlobalSection(SolutionProperties) = preSolution
		HideSolutionNode = FALSE
	EndGlobalSection
	GlobalSection(ExtensibilityGlobals) = postSolution
		SolutionGuid = {1511D181-6096-4987-9815-6615FCBE39DA}
	EndGlobalSection
EndGlobal
